// !$*UTF8*$!
{
	archiveVersion = 1;
	classes = {
	};
	objectVersion = 46;
	objects = {

/* Begin PBXBuildFile section */
		18C8D01EF2EDDAE983E985C9 /* Pods_VideoStreamer.framework in Frameworks */ = {isa = PBXBuildFile; fileRef = 9BCC2787EFF68F9CF5BEF797 /* Pods_VideoStreamer.framework */; };
		2029B7571FFE9AA9009CA1E2 /* VideoInfoViewController.swift in Sources */ = {isa = PBXBuildFile; fileRef = 2029B7561FFE9AA9009CA1E2 /* VideoInfoViewController.swift */; };
		202BF0A41FFEC08B00A7FC8D /* SRCopyableLabel.swift in Sources */ = {isa = PBXBuildFile; fileRef = 202BF0A31FFEC08B00A7FC8D /* SRCopyableLabel.swift */; };
		20373F7A1F54B04A0043A4DA /* ResultType.swift in Sources */ = {isa = PBXBuildFile; fileRef = 20373F761F54B04A0043A4DA /* ResultType.swift */; };
		20373F7B1F54B04A0043A4DA /* DownloadTask.swift in Sources */ = {isa = PBXBuildFile; fileRef = 20373F771F54B04A0043A4DA /* DownloadTask.swift */; };
		20373F7C1F54B04A0043A4DA /* DownloadService.swift in Sources */ = {isa = PBXBuildFile; fileRef = 20373F781F54B04A0043A4DA /* DownloadService.swift */; };
		20373F7D1F54B04A0043A4DA /* GenericDownloadTask.swift in Sources */ = {isa = PBXBuildFile; fileRef = 20373F791F54B04A0043A4DA /* GenericDownloadTask.swift */; };
		2055AA9F1D79E23000FCAAFB /* PlayerViewController.swift in Sources */ = {isa = PBXBuildFile; fileRef = 2055AA9E1D79E23000FCAAFB /* PlayerViewController.swift */; };
		205B6ABD1D6F662E002879BF /* AppDelegate.swift in Sources */ = {isa = PBXBuildFile; fileRef = 205B6ABC1D6F662E002879BF /* AppDelegate.swift */; };
		205B6AC21D6F662E002879BF /* Main.storyboard in Resources */ = {isa = PBXBuildFile; fileRef = 205B6AC01D6F662E002879BF /* Main.storyboard */; };
		205B6AC41D6F662E002879BF /* Assets.xcassets in Resources */ = {isa = PBXBuildFile; fileRef = 205B6AC31D6F662E002879BF /* Assets.xcassets */; };
		205B6AC71D6F662E002879BF /* LaunchScreen.storyboard in Resources */ = {isa = PBXBuildFile; fileRef = 205B6AC51D6F662E002879BF /* LaunchScreen.storyboard */; };
		205B6AD11D6F74F9002879BF /* VideoTableViewCell.swift in Sources */ = {isa = PBXBuildFile; fileRef = 205B6AD01D6F74F9002879BF /* VideoTableViewCell.swift */; };
		20631E471D77C7DA00173ACA /* SettingsTableViewController.swift in Sources */ = {isa = PBXBuildFile; fileRef = 20631E461D77C7DA00173ACA /* SettingsTableViewController.swift */; };
		20B65FE61D77CD6100118586 /* SpeedTableViewController.swift in Sources */ = {isa = PBXBuildFile; fileRef = 20B65FE51D77CD6100118586 /* SpeedTableViewController.swift */; };
		20B65FEC1D78950700118586 /* SettingsConstants.swift in Sources */ = {isa = PBXBuildFile; fileRef = 20B65FEB1D78950700118586 /* SettingsConstants.swift */; };
		20B774C51D724D4B0024B35E /* Video.swift in Sources */ = {isa = PBXBuildFile; fileRef = 20B774C41D724D4B0024B35E /* Video.swift */; };
		20C3D79B1D6F818B00D812B8 /* VideoTableViewController.swift in Sources */ = {isa = PBXBuildFile; fileRef = 20C3D79A1D6F818B00D812B8 /* VideoTableViewController.swift */; };
/* End PBXBuildFile section */

/* Begin PBXFileReference section */
		2029B7561FFE9AA9009CA1E2 /* VideoInfoViewController.swift */ = {isa = PBXFileReference; lastKnownFileType = sourcecode.swift; path = VideoInfoViewController.swift; sourceTree = "<group>"; };
		202BF0A31FFEC08B00A7FC8D /* SRCopyableLabel.swift */ = {isa = PBXFileReference; lastKnownFileType = sourcecode.swift; path = SRCopyableLabel.swift; sourceTree = "<group>"; };
		20373F761F54B04A0043A4DA /* ResultType.swift */ = {isa = PBXFileReference; lastKnownFileType = sourcecode.swift; path = ResultType.swift; sourceTree = "<group>"; };
		20373F771F54B04A0043A4DA /* DownloadTask.swift */ = {isa = PBXFileReference; lastKnownFileType = sourcecode.swift; path = DownloadTask.swift; sourceTree = "<group>"; };
		20373F781F54B04A0043A4DA /* DownloadService.swift */ = {isa = PBXFileReference; lastKnownFileType = sourcecode.swift; path = DownloadService.swift; sourceTree = "<group>"; };
		20373F791F54B04A0043A4DA /* GenericDownloadTask.swift */ = {isa = PBXFileReference; lastKnownFileType = sourcecode.swift; path = GenericDownloadTask.swift; sourceTree = "<group>"; };
		2055AA9E1D79E23000FCAAFB /* PlayerViewController.swift */ = {isa = PBXFileReference; fileEncoding = 4; lastKnownFileType = sourcecode.swift; path = PlayerViewController.swift; sourceTree = "<group>"; };
		205B6AB91D6F662E002879BF /* VideoStreamer.app */ = {isa = PBXFileReference; explicitFileType = wrapper.application; includeInIndex = 0; path = VideoStreamer.app; sourceTree = BUILT_PRODUCTS_DIR; };
		205B6ABC1D6F662E002879BF /* AppDelegate.swift */ = {isa = PBXFileReference; lastKnownFileType = sourcecode.swift; path = AppDelegate.swift; sourceTree = "<group>"; };
		205B6AC11D6F662E002879BF /* Base */ = {isa = PBXFileReference; lastKnownFileType = file.storyboard; name = Base; path = Base.lproj/Main.storyboard; sourceTree = "<group>"; };
		205B6AC31D6F662E002879BF /* Assets.xcassets */ = {isa = PBXFileReference; lastKnownFileType = folder.assetcatalog; path = Assets.xcassets; sourceTree = "<group>"; };
		205B6AC61D6F662E002879BF /* Base */ = {isa = PBXFileReference; lastKnownFileType = file.storyboard; name = Base; path = Base.lproj/LaunchScreen.storyboard; sourceTree = "<group>"; };
		205B6AC81D6F662E002879BF /* Info.plist */ = {isa = PBXFileReference; lastKnownFileType = text.plist.xml; path = Info.plist; sourceTree = "<group>"; };
		205B6AD01D6F74F9002879BF /* VideoTableViewCell.swift */ = {isa = PBXFileReference; fileEncoding = 4; lastKnownFileType = sourcecode.swift; path = VideoTableViewCell.swift; sourceTree = "<group>"; };
		20631E461D77C7DA00173ACA /* SettingsTableViewController.swift */ = {isa = PBXFileReference; fileEncoding = 4; lastKnownFileType = sourcecode.swift; path = SettingsTableViewController.swift; sourceTree = "<group>"; };
		20B65FE51D77CD6100118586 /* SpeedTableViewController.swift */ = {isa = PBXFileReference; fileEncoding = 4; lastKnownFileType = sourcecode.swift; path = SpeedTableViewController.swift; sourceTree = "<group>"; };
		20B65FEB1D78950700118586 /* SettingsConstants.swift */ = {isa = PBXFileReference; fileEncoding = 4; lastKnownFileType = sourcecode.swift; path = SettingsConstants.swift; sourceTree = "<group>"; };
		20B774C41D724D4B0024B35E /* Video.swift */ = {isa = PBXFileReference; fileEncoding = 4; lastKnownFileType = sourcecode.swift; path = Video.swift; sourceTree = "<group>"; };
		20C3D79A1D6F818B00D812B8 /* VideoTableViewController.swift */ = {isa = PBXFileReference; fileEncoding = 4; lastKnownFileType = sourcecode.swift; path = VideoTableViewController.swift; sourceTree = "<group>"; };
		8BA9D99023B195345B45757C /* Pods-VideoStreamer.debug.xcconfig */ = {isa = PBXFileReference; includeInIndex = 1; lastKnownFileType = text.xcconfig; name = "Pods-VideoStreamer.debug.xcconfig"; path = "Pods/Target Support Files/Pods-VideoStreamer/Pods-VideoStreamer.debug.xcconfig"; sourceTree = "<group>"; };
		91A6FC631A6E1A0C38747486 /* Pods-VideoStreamer.release.xcconfig */ = {isa = PBXFileReference; includeInIndex = 1; lastKnownFileType = text.xcconfig; name = "Pods-VideoStreamer.release.xcconfig"; path = "Pods/Target Support Files/Pods-VideoStreamer/Pods-VideoStreamer.release.xcconfig"; sourceTree = "<group>"; };
		9BCC2787EFF68F9CF5BEF797 /* Pods_VideoStreamer.framework */ = {isa = PBXFileReference; explicitFileType = wrapper.framework; includeInIndex = 0; path = Pods_VideoStreamer.framework; sourceTree = BUILT_PRODUCTS_DIR; };
/* End PBXFileReference section */

/* Begin PBXFrameworksBuildPhase section */
		205B6AB61D6F662E002879BF /* Frameworks */ = {
			isa = PBXFrameworksBuildPhase;
			buildActionMask = 2147483647;
			files = (
				18C8D01EF2EDDAE983E985C9 /* Pods_VideoStreamer.framework in Frameworks */,
			);
			runOnlyForDeploymentPostprocessing = 0;
		};
/* End PBXFrameworksBuildPhase section */

/* Begin PBXGroup section */
		0467DEEF55BBEB1DDCAEB6F8 /* Pods */ = {
			isa = PBXGroup;
			children = (
				8BA9D99023B195345B45757C /* Pods-VideoStreamer.debug.xcconfig */,
				91A6FC631A6E1A0C38747486 /* Pods-VideoStreamer.release.xcconfig */,
			);
			name = Pods;
			sourceTree = "<group>";
		};
		20373F7E1F54B47F0043A4DA /* DownloadService */ = {
			isa = PBXGroup;
			children = (
				20373F781F54B04A0043A4DA /* DownloadService.swift */,
				20373F771F54B04A0043A4DA /* DownloadTask.swift */,
				20373F791F54B04A0043A4DA /* GenericDownloadTask.swift */,
				20373F761F54B04A0043A4DA /* ResultType.swift */,
			);
			path = DownloadService;
			sourceTree = "<group>";
		};
		205B6AB01D6F662E002879BF = {
			isa = PBXGroup;
			children = (
				205B6ABB1D6F662E002879BF /* VideoStreamer */,
				205B6ABA1D6F662E002879BF /* Products */,
				0467DEEF55BBEB1DDCAEB6F8 /* Pods */,
				A39C5FA0178A4695E76CE1E3 /* Frameworks */,
			);
			sourceTree = "<group>";
		};
		205B6ABA1D6F662E002879BF /* Products */ = {
			isa = PBXGroup;
			children = (
				205B6AB91D6F662E002879BF /* VideoStreamer.app */,
			);
			name = Products;
			sourceTree = "<group>";
		};
		205B6ABB1D6F662E002879BF /* VideoStreamer */ = {
			isa = PBXGroup;
			children = (
				205B6ABC1D6F662E002879BF /* AppDelegate.swift */,
				2055AA9E1D79E23000FCAAFB /* PlayerViewController.swift */,
				20C3D79A1D6F818B00D812B8 /* VideoTableViewController.swift */,
				2029B7561FFE9AA9009CA1E2 /* VideoInfoViewController.swift */,
				202BF0A31FFEC08B00A7FC8D /* SRCopyableLabel.swift */,
				20B774C41D724D4B0024B35E /* Video.swift */,
				205B6AD01D6F74F9002879BF /* VideoTableViewCell.swift */,
				205B6AC01D6F662E002879BF /* Main.storyboard */,
				20373F7E1F54B47F0043A4DA /* DownloadService */,
				20B65FE71D77CD6500118586 /* Settings */,
				20B65FE81D77CD7500118586 /* Supporting Files */,
			);
			path = VideoStreamer;
			sourceTree = "<group>";
		};
		20B65FE71D77CD6500118586 /* Settings */ = {
			isa = PBXGroup;
			children = (
				20631E461D77C7DA00173ACA /* SettingsTableViewController.swift */,
				20B65FE51D77CD6100118586 /* SpeedTableViewController.swift */,
				20B65FEB1D78950700118586 /* SettingsConstants.swift */,
			);
			name = Settings;
			sourceTree = "<group>";
		};
		20B65FE81D77CD7500118586 /* Supporting Files */ = {
			isa = PBXGroup;
			children = (
				205B6AC31D6F662E002879BF /* Assets.xcassets */,
				205B6AC51D6F662E002879BF /* LaunchScreen.storyboard */,
				205B6AC81D6F662E002879BF /* Info.plist */,
			);
			name = "Supporting Files";
			sourceTree = "<group>";
		};
		A39C5FA0178A4695E76CE1E3 /* Frameworks */ = {
			isa = PBXGroup;
			children = (
				9BCC2787EFF68F9CF5BEF797 /* Pods_VideoStreamer.framework */,
			);
			name = Frameworks;
			sourceTree = "<group>";
		};
/* End PBXGroup section */

/* Begin PBXNativeTarget section */
		205B6AB81D6F662E002879BF /* VideoStreamer */ = {
			isa = PBXNativeTarget;
			buildConfigurationList = 205B6ACB1D6F662E002879BF /* Build configuration list for PBXNativeTarget "VideoStreamer" */;
			buildPhases = (
				6F6270E9949F15713E3E7C3E /* [CP] Check Pods Manifest.lock */,
				205B6AB51D6F662E002879BF /* Sources */,
				205B6AB61D6F662E002879BF /* Frameworks */,
				205B6AB71D6F662E002879BF /* Resources */,
				28BAFB453154A9A3DBFA7E6C /* [CP] Embed Pods Frameworks */,
				834483B8AFFFFE21C85CD9ED /* [CP] Copy Pods Resources */,
			);
			buildRules = (
			);
			dependencies = (
			);
			name = VideoStreamer;
			productName = VideoStreamer;
			productReference = 205B6AB91D6F662E002879BF /* VideoStreamer.app */;
			productType = "com.apple.product-type.application";
		};
/* End PBXNativeTarget section */

/* Begin PBXProject section */
		205B6AB11D6F662E002879BF /* Project object */ = {
			isa = PBXProject;
			attributes = {
				LastSwiftUpdateCheck = 0730;
				LastUpgradeCheck = 0900;
				ORGANIZATIONNAME = "Ritam Sarmah";
				TargetAttributes = {
					205B6AB81D6F662E002879BF = {
						CreatedOnToolsVersion = 7.3.1;
						DevelopmentTeam = XXYXWGAW9Y;
						LastSwiftMigration = 0920;
						SystemCapabilities = {
							com.apple.BackgroundModes = {
								enabled = 0;
							};
						};
					};
				};
			};
			buildConfigurationList = 205B6AB41D6F662E002879BF /* Build configuration list for PBXProject "VideoStreamer" */;
			compatibilityVersion = "Xcode 3.2";
			developmentRegion = English;
			hasScannedForEncodings = 0;
			knownRegions = (
				en,
				Base,
			);
			mainGroup = 205B6AB01D6F662E002879BF;
			productRefGroup = 205B6ABA1D6F662E002879BF /* Products */;
			projectDirPath = "";
			projectRoot = "";
			targets = (
				205B6AB81D6F662E002879BF /* VideoStreamer */,
			);
		};
/* End PBXProject section */

/* Begin PBXResourcesBuildPhase section */
		205B6AB71D6F662E002879BF /* Resources */ = {
			isa = PBXResourcesBuildPhase;
			buildActionMask = 2147483647;
			files = (
				205B6AC71D6F662E002879BF /* LaunchScreen.storyboard in Resources */,
				205B6AC41D6F662E002879BF /* Assets.xcassets in Resources */,
				205B6AC21D6F662E002879BF /* Main.storyboard in Resources */,
			);
			runOnlyForDeploymentPostprocessing = 0;
		};
/* End PBXResourcesBuildPhase section */

/* Begin PBXShellScriptBuildPhase section */
		28BAFB453154A9A3DBFA7E6C /* [CP] Embed Pods Frameworks */ = {
			isa = PBXShellScriptBuildPhase;
			buildActionMask = 2147483647;
			files = (
			);
			inputPaths = (
			);
			name = "[CP] Embed Pods Frameworks";
			outputPaths = (
			);
			runOnlyForDeploymentPostprocessing = 0;
			shellPath = /bin/sh;
			shellScript = "\"${SRCROOT}/Pods/Target Support Files/Pods-VideoStreamer/Pods-VideoStreamer-frameworks.sh\"\n";
			showEnvVarsInLog = 0;
		};
		6F6270E9949F15713E3E7C3E /* [CP] Check Pods Manifest.lock */ = {
			isa = PBXShellScriptBuildPhase;
			buildActionMask = 2147483647;
			files = (
			);
			inputPaths = (
			);
			name = "[CP] Check Pods Manifest.lock";
			outputPaths = (
			);
			runOnlyForDeploymentPostprocessing = 0;
			shellPath = /bin/sh;
			shellScript = "diff \"${PODS_PODFILE_DIR_PATH}/Podfile.lock\" \"${PODS_ROOT}/Manifest.lock\" > /dev/null\nif [ $? != 0 ] ; then\n    # print error to STDERR\n    echo \"error: The sandbox is not in sync with the Podfile.lock. Run 'pod install' or update your CocoaPods installation.\" >&2\n    exit 1\nfi\n";
			showEnvVarsInLog = 0;
		};
		834483B8AFFFFE21C85CD9ED /* [CP] Copy Pods Resources */ = {
			isa = PBXShellScriptBuildPhase;
			buildActionMask = 2147483647;
			files = (
			);
			inputPaths = (
			);
			name = "[CP] Copy Pods Resources";
			outputPaths = (
			);
			runOnlyForDeploymentPostprocessing = 0;
			shellPath = /bin/sh;
			shellScript = "\"${SRCROOT}/Pods/Target Support Files/Pods-VideoStreamer/Pods-VideoStreamer-resources.sh\"\n";
			showEnvVarsInLog = 0;
		};
/* End PBXShellScriptBuildPhase section */

/* Begin PBXSourcesBuildPhase section */
		205B6AB51D6F662E002879BF /* Sources */ = {
			isa = PBXSourcesBuildPhase;
			buildActionMask = 2147483647;
			files = (
				20373F7B1F54B04A0043A4DA /* DownloadTask.swift in Sources */,
				205B6AD11D6F74F9002879BF /* VideoTableViewCell.swift in Sources */,
				2055AA9F1D79E23000FCAAFB /* PlayerViewController.swift in Sources */,
				20B65FEC1D78950700118586 /* SettingsConstants.swift in Sources */,
				202BF0A41FFEC08B00A7FC8D /* SRCopyableLabel.swift in Sources */,
				20373F7D1F54B04A0043A4DA /* GenericDownloadTask.swift in Sources */,
				2029B7571FFE9AA9009CA1E2 /* VideoInfoViewController.swift in Sources */,
				20631E471D77C7DA00173ACA /* SettingsTableViewController.swift in Sources */,
				20373F7A1F54B04A0043A4DA /* ResultType.swift in Sources */,
				20B774C51D724D4B0024B35E /* Video.swift in Sources */,
				20C3D79B1D6F818B00D812B8 /* VideoTableViewController.swift in Sources */,
				205B6ABD1D6F662E002879BF /* AppDelegate.swift in Sources */,
				20B65FE61D77CD6100118586 /* SpeedTableViewController.swift in Sources */,
				20373F7C1F54B04A0043A4DA /* DownloadService.swift in Sources */,
			);
			runOnlyForDeploymentPostprocessing = 0;
		};
/* End PBXSourcesBuildPhase section */

/* Begin PBXVariantGroup section */
		205B6AC01D6F662E002879BF /* Main.storyboard */ = {
			isa = PBXVariantGroup;
			children = (
				205B6AC11D6F662E002879BF /* Base */,
			);
			name = Main.storyboard;
			sourceTree = "<group>";
		};
		205B6AC51D6F662E002879BF /* LaunchScreen.storyboard */ = {
			isa = PBXVariantGroup;
			children = (
				205B6AC61D6F662E002879BF /* Base */,
			);
			name = LaunchScreen.storyboard;
			sourceTree = "<group>";
		};
/* End PBXVariantGroup section */

/* Begin XCBuildConfiguration section */
		205B6AC91D6F662E002879BF /* Debug */ = {
			isa = XCBuildConfiguration;
			buildSettings = {
				ALWAYS_SEARCH_USER_PATHS = NO;
				CLANG_ANALYZER_NONNULL = YES;
				CLANG_CXX_LANGUAGE_STANDARD = "gnu++0x";
				CLANG_CXX_LIBRARY = "libc++";
				CLANG_ENABLE_MODULES = YES;
				CLANG_ENABLE_OBJC_ARC = YES;
				CLANG_WARN_BLOCK_CAPTURE_AUTORELEASING = YES;
				CLANG_WARN_BOOL_CONVERSION = YES;
				CLANG_WARN_COMMA = YES;
				CLANG_WARN_CONSTANT_CONVERSION = YES;
				CLANG_WARN_DIRECT_OBJC_ISA_USAGE = YES_ERROR;
				CLANG_WARN_EMPTY_BODY = YES;
				CLANG_WARN_ENUM_CONVERSION = YES;
				CLANG_WARN_INFINITE_RECURSION = YES;
				CLANG_WARN_INT_CONVERSION = YES;
				CLANG_WARN_NON_LITERAL_NULL_CONVERSION = YES;
				CLANG_WARN_OBJC_LITERAL_CONVERSION = YES;
				CLANG_WARN_OBJC_ROOT_CLASS = YES_ERROR;
				CLANG_WARN_RANGE_LOOP_ANALYSIS = YES;
				CLANG_WARN_STRICT_PROTOTYPES = YES;
				CLANG_WARN_SUSPICIOUS_MOVE = YES;
				CLANG_WARN_UNREACHABLE_CODE = YES;
				CLANG_WARN__DUPLICATE_METHOD_MATCH = YES;
				"CODE_SIGN_IDENTITY[sdk=iphoneos*]" = "iPhone Developer";
				COPY_PHASE_STRIP = NO;
				DEBUG_INFORMATION_FORMAT = dwarf;
				ENABLE_STRICT_OBJC_MSGSEND = YES;
				ENABLE_TESTABILITY = YES;
				GCC_C_LANGUAGE_STANDARD = gnu99;
				GCC_DYNAMIC_NO_PIC = NO;
				GCC_NO_COMMON_BLOCKS = YES;
				GCC_OPTIMIZATION_LEVEL = 0;
				GCC_PREPROCESSOR_DEFINITIONS = (
					"DEBUG=1",
					"$(inherited)",
				);
				GCC_WARN_64_TO_32_BIT_CONVERSION = YES;
				GCC_WARN_ABOUT_RETURN_TYPE = YES_ERROR;
				GCC_WARN_UNDECLARED_SELECTOR = YES;
				GCC_WARN_UNINITIALIZED_AUTOS = YES_AGGRESSIVE;
				GCC_WARN_UNUSED_FUNCTION = YES;
				GCC_WARN_UNUSED_VARIABLE = YES;
				IPHONEOS_DEPLOYMENT_TARGET = 10.0;
				MTL_ENABLE_DEBUG_INFO = YES;
				ONLY_ACTIVE_ARCH = YES;
				SDKROOT = iphoneos;
				SWIFT_OPTIMIZATION_LEVEL = "-Onone";
				TARGETED_DEVICE_FAMILY = "1,2";
			};
			name = Debug;
		};
		205B6ACA1D6F662E002879BF /* Release */ = {
			isa = XCBuildConfiguration;
			buildSettings = {
				ALWAYS_SEARCH_USER_PATHS = NO;
				CLANG_ANALYZER_NONNULL = YES;
				CLANG_CXX_LANGUAGE_STANDARD = "gnu++0x";
				CLANG_CXX_LIBRARY = "libc++";
				CLANG_ENABLE_MODULES = YES;
				CLANG_ENABLE_OBJC_ARC = YES;
				CLANG_WARN_BLOCK_CAPTURE_AUTORELEASING = YES;
				CLANG_WARN_BOOL_CONVERSION = YES;
				CLANG_WARN_COMMA = YES;
				CLANG_WARN_CONSTANT_CONVERSION = YES;
				CLANG_WARN_DIRECT_OBJC_ISA_USAGE = YES_ERROR;
				CLANG_WARN_EMPTY_BODY = YES;
				CLANG_WARN_ENUM_CONVERSION = YES;
				CLANG_WARN_INFINITE_RECURSION = YES;
				CLANG_WARN_INT_CONVERSION = YES;
				CLANG_WARN_NON_LITERAL_NULL_CONVERSION = YES;
				CLANG_WARN_OBJC_LITERAL_CONVERSION = YES;
				CLANG_WARN_OBJC_ROOT_CLASS = YES_ERROR;
				CLANG_WARN_RANGE_LOOP_ANALYSIS = YES;
				CLANG_WARN_STRICT_PROTOTYPES = YES;
				CLANG_WARN_SUSPICIOUS_MOVE = YES;
				CLANG_WARN_UNREACHABLE_CODE = YES;
				CLANG_WARN__DUPLICATE_METHOD_MATCH = YES;
				"CODE_SIGN_IDENTITY[sdk=iphoneos*]" = "iPhone Developer";
				COPY_PHASE_STRIP = NO;
				DEBUG_INFORMATION_FORMAT = "dwarf-with-dsym";
				ENABLE_NS_ASSERTIONS = NO;
				ENABLE_STRICT_OBJC_MSGSEND = YES;
				GCC_C_LANGUAGE_STANDARD = gnu99;
				GCC_NO_COMMON_BLOCKS = YES;
				GCC_WARN_64_TO_32_BIT_CONVERSION = YES;
				GCC_WARN_ABOUT_RETURN_TYPE = YES_ERROR;
				GCC_WARN_UNDECLARED_SELECTOR = YES;
				GCC_WARN_UNINITIALIZED_AUTOS = YES_AGGRESSIVE;
				GCC_WARN_UNUSED_FUNCTION = YES;
				GCC_WARN_UNUSED_VARIABLE = YES;
				IPHONEOS_DEPLOYMENT_TARGET = 10.0;
				MTL_ENABLE_DEBUG_INFO = NO;
				SDKROOT = iphoneos;
				SWIFT_OPTIMIZATION_LEVEL = "-Owholemodule";
				TARGETED_DEVICE_FAMILY = "1,2";
				VALIDATE_PRODUCT = YES;
			};
			name = Release;
		};
		205B6ACC1D6F662E002879BF /* Debug */ = {
			isa = XCBuildConfiguration;
			baseConfigurationReference = 8BA9D99023B195345B45757C /* Pods-VideoStreamer.debug.xcconfig */;
			buildSettings = {
				ASSETCATALOG_COMPILER_APPICON_NAME = AppIcon;
				CODE_SIGN_IDENTITY = "iPhone Developer";
				"CODE_SIGN_IDENTITY[sdk=iphoneos*]" = "iPhone Developer";
				DEVELOPMENT_TEAM = XXYXWGAW9Y;
				INFOPLIST_FILE = VideoStreamer/Info.plist;
				LD_RUNPATH_SEARCH_PATHS = "$(inherited) @executable_path/Frameworks";
				PRODUCT_BUNDLE_IDENTIFIER = com.ritamsarmah.Streamer;
				PRODUCT_NAME = "$(TARGET_NAME)";
				PROVISIONING_PROFILE = "";
				SWIFT_SWIFT3_OBJC_INFERENCE = Default;
				SWIFT_VERSION = 4.0;
			};
			name = Debug;
		};
		205B6ACD1D6F662E002879BF /* Release */ = {
			isa = XCBuildConfiguration;
			baseConfigurationReference = 91A6FC631A6E1A0C38747486 /* Pods-VideoStreamer.release.xcconfig */;
			buildSettings = {
				ASSETCATALOG_COMPILER_APPICON_NAME = AppIcon;
				CODE_SIGN_IDENTITY = "iPhone Developer";
				"CODE_SIGN_IDENTITY[sdk=iphoneos*]" = "iPhone Developer";
				DEVELOPMENT_TEAM = XXYXWGAW9Y;
				INFOPLIST_FILE = VideoStreamer/Info.plist;
				LD_RUNPATH_SEARCH_PATHS = "$(inherited) @executable_path/Frameworks";
				PRODUCT_BUNDLE_IDENTIFIER = com.ritamsarmah.Streamer;
				PRODUCT_NAME = "$(TARGET_NAME)";
				PROVISIONING_PROFILE = "";
				SWIFT_SWIFT3_OBJC_INFERENCE = Default;
				SWIFT_VERSION = 4.0;
			};
			name = Release;
		};
/* End XCBuildConfiguration section */

/* Begin XCConfigurationList section */
		205B6AB41D6F662E002879BF /* Build configuration list for PBXProject "VideoStreamer" */ = {
			isa = XCConfigurationList;
			buildConfigurations = (
				205B6AC91D6F662E002879BF /* Debug */,
				205B6ACA1D6F662E002879BF /* Release */,
			);
			defaultConfigurationIsVisible = 0;
			defaultConfigurationName = Release;
		};
		205B6ACB1D6F662E002879BF /* Build configuration list for PBXNativeTarget "VideoStreamer" */ = {
			isa = XCConfigurationList;
			buildConfigurations = (
				205B6ACC1D6F662E002879BF /* Debug */,
				205B6ACD1D6F662E002879BF /* Release */,
			);
			defaultConfigurationIsVisible = 0;
			defaultConfigurationName = Release;
		};
/* End XCConfigurationList section */
	};
	rootObject = 205B6AB11D6F662E002879BF /* Project object */;
}
